
Microsoft Visual Studio Solution File, Format Version 12.00
# Visual Studio Version 16
VisualStudioVersion = 16.0.29911.84
MinimumVisualStudioVersion = 10.0.40219.1
Project("{FAE04EC0-301F-11D3-BF4B-00C04F79EFBC}") = "Assignment1", "Assignment1\Assignment1.csproj", "{D56A355B-02D9-4F6B-AAC4-74472E07090F}"
EndProject
Global
	GlobalSection(SolutionConfigurationPlatforms) = preSolution
		Debug|Any CPU = Debug|Any CPU
		Release|Any CPU = Release|Any CPU
	EndGlobalSection
	GlobalSection(ProjectConfigurationPlatforms) = postSolution
		{D56A355B-02D9-4F6B-AAC4-74472E07090F}.Debug|Any CPU.ActiveCfg = Debug|Any CPU
		{D56A355B-02D9-4F6B-AAC4-74472E07090F}.Debug|Any CPU.Build.0 = Debug|Any CPU
		{D56A355B-02D9-4F6B-AAC4-74472E07090F}.Release|Any CPU.ActiveCfg = Release|Any CPU
		{D56A355B-02D9-4F6B-AAC4-74472E07090F}.Release|Any CPU.Build.0 = Release|Any CPU
	EndGlobalSection
	GlobalSection(SolutionProperties) = preSolution
		HideSolutionNode = FALSE
	EndGlobalSection
	GlobalSection(ExtensibilityGlobals) = postSolution
		SolutionGuid = {9F247EB4-589A-4FBF-AEAB-1AE1F5F71956}
	EndGlobalSection
EndGlobal
